
Microsoft Visual Studio Solution File, Format Version 12.00
# Visual Studio Version 16
VisualStudioVersion = 16.0.29215.179
MinimumVisualStudioVersion = 10.0.40219.1
Project("{FAE04EC0-301F-11D3-BF4B-00C04F79EFBC}") = "Avaliacao_Pratica", "Avaliacao_Pratica\Avaliacao_Pratica.csproj", "{28ECED25-9A17-400E-B8F5-FB77D1353F25}"
EndProject
Global
	GlobalSection(SolutionConfigurationPlatforms) = preSolution
		Debug|Any CPU = Debug|Any CPU
		Release|Any CPU = Release|Any CPU
	EndGlobalSection
	GlobalSection(ProjectConfigurationPlatforms) = postSolution
		{28ECED25-9A17-400E-B8F5-FB77D1353F25}.Debug|Any CPU.ActiveCfg = Debug|Any CPU
		{28ECED25-9A17-400E-B8F5-FB77D1353F25}.Debug|Any CPU.Build.0 = Debug|Any CPU
		{28ECED25-9A17-400E-B8F5-FB77D1353F25}.Release|Any CPU.ActiveCfg = Release|Any CPU
		{28ECED25-9A17-400E-B8F5-FB77D1353F25}.Release|Any CPU.Build.0 = Release|Any CPU
	EndGlobalSection
	GlobalSection(SolutionProperties) = preSolution
		HideSolutionNode = FALSE
	EndGlobalSection
	GlobalSection(ExtensibilityGlobals) = postSolution
		SolutionGuid = {D22F158D-7220-48D7-BD8C-6EACD47D960B}
	EndGlobalSection
EndGlobal
